// !$*UTF8*$!
{
	archiveVersion = 1;
	classes = {
	};
	objectVersion = 56;
	objects = {

/* Begin PBXBuildFile section */
		FF0D3E7A29AE35AC00B85A09 /* AppDelegate.swift in Sources */ = {isa = PBXBuildFile; fileRef = FF0D3E7929AE35AC00B85A09 /* AppDelegate.swift */; };
		FF0D3E7C29AE35AC00B85A09 /* SceneDelegate.swift in Sources */ = {isa = PBXBuildFile; fileRef = FF0D3E7B29AE35AC00B85A09 /* SceneDelegate.swift */; };
		FF0D3E8329AE35AE00B85A09 /* Assets.xcassets in Resources */ = {isa = PBXBuildFile; fileRef = FF0D3E8229AE35AE00B85A09 /* Assets.xcassets */; };
		FF0D3E8629AE35AE00B85A09 /* LaunchScreen.storyboard in Resources */ = {isa = PBXBuildFile; fileRef = FF0D3E8429AE35AE00B85A09 /* LaunchScreen.storyboard */; };
		FF0D3E8E29AE400A00B85A09 /* Palette.swift in Sources */ = {isa = PBXBuildFile; fileRef = FF0D3E8D29AE400A00B85A09 /* Palette.swift */; };
		FF0D3E9029AE464800B85A09 /* Beer.swift in Sources */ = {isa = PBXBuildFile; fileRef = FF0D3E8F29AE464800B85A09 /* Beer.swift */; };
		FF0D3E9229AF33B500B85A09 /* Webservice.swift in Sources */ = {isa = PBXBuildFile; fileRef = FF0D3E9129AF33B500B85A09 /* Webservice.swift */; };
		FF0D3E9429AF34AD00B85A09 /* BeerListViewModel.swift in Sources */ = {isa = PBXBuildFile; fileRef = FF0D3E9329AF34AD00B85A09 /* BeerListViewModel.swift */; };
		FF0D3E9629AF365C00B85A09 /* MainViewController.swift in Sources */ = {isa = PBXBuildFile; fileRef = FF0D3E9529AF365C00B85A09 /* MainViewController.swift */; };
		FF0D3E9D29AF395C00B85A09 /* BeerCell.swift in Sources */ = {isa = PBXBuildFile; fileRef = FF0D3E9C29AF395C00B85A09 /* BeerCell.swift */; };
		FF0D3E9F29AF508300B85A09 /* ExtensionUIImage.swift in Sources */ = {isa = PBXBuildFile; fileRef = FF0D3E9E29AF508300B85A09 /* ExtensionUIImage.swift */; };
		FF0D3EA129AFA04600B85A09 /* BeerDetailViewController.swift in Sources */ = {isa = PBXBuildFile; fileRef = FF0D3EA029AFA04600B85A09 /* BeerDetailViewController.swift */; };
		FF94B84929B37384008D8195 /* BannerView.swift in Sources */ = {isa = PBXBuildFile; fileRef = FF94B84829B37384008D8195 /* BannerView.swift */; };
		FF94B84C29B38179008D8195 /* ExtensionUIView.swift in Sources */ = {isa = PBXBuildFile; fileRef = FF94B84B29B38179008D8195 /* ExtensionUIView.swift */; };
		FF94B84E29B63B48008D8195 /* CategoryPickerView.swift in Sources */ = {isa = PBXBuildFile; fileRef = FF94B84D29B63B48008D8195 /* CategoryPickerView.swift */; };
/* End PBXBuildFile section */

/* Begin PBXFileReference section */
		FF0D3E7629AE35AC00B85A09 /* BeerBoxUIKit.app */ = {isa = PBXFileReference; explicitFileType = wrapper.application; includeInIndex = 0; path = BeerBoxUIKit.app; sourceTree = BUILT_PRODUCTS_DIR; };
		FF0D3E7929AE35AC00B85A09 /* AppDelegate.swift */ = {isa = PBXFileReference; lastKnownFileType = sourcecode.swift; path = AppDelegate.swift; sourceTree = "<group>"; };
		FF0D3E7B29AE35AC00B85A09 /* SceneDelegate.swift */ = {isa = PBXFileReference; lastKnownFileType = sourcecode.swift; path = SceneDelegate.swift; sourceTree = "<group>"; };
		FF0D3E8229AE35AE00B85A09 /* Assets.xcassets */ = {isa = PBXFileReference; lastKnownFileType = folder.assetcatalog; path = Assets.xcassets; sourceTree = "<group>"; };
		FF0D3E8529AE35AE00B85A09 /* Base */ = {isa = PBXFileReference; lastKnownFileType = file.storyboard; name = Base; path = Base.lproj/LaunchScreen.storyboard; sourceTree = "<group>"; };
		FF0D3E8729AE35AE00B85A09 /* Info.plist */ = {isa = PBXFileReference; lastKnownFileType = text.plist.xml; path = Info.plist; sourceTree = "<group>"; };
		FF0D3E8D29AE400A00B85A09 /* Palette.swift */ = {isa = PBXFileReference; lastKnownFileType = sourcecode.swift; path = Palette.swift; sourceTree = "<group>"; };
		FF0D3E8F29AE464800B85A09 /* Beer.swift */ = {isa = PBXFileReference; lastKnownFileType = sourcecode.swift; path = Beer.swift; sourceTree = "<group>"; };
		FF0D3E9129AF33B500B85A09 /* Webservice.swift */ = {isa = PBXFileReference; lastKnownFileType = sourcecode.swift; path = Webservice.swift; sourceTree = "<group>"; };
		FF0D3E9329AF34AD00B85A09 /* BeerListViewModel.swift */ = {isa = PBXFileReference; lastKnownFileType = sourcecode.swift; path = BeerListViewModel.swift; sourceTree = "<group>"; };
		FF0D3E9529AF365C00B85A09 /* MainViewController.swift */ = {isa = PBXFileReference; lastKnownFileType = sourcecode.swift; path = MainViewController.swift; sourceTree = "<group>"; };
		FF0D3E9C29AF395C00B85A09 /* BeerCell.swift */ = {isa = PBXFileReference; lastKnownFileType = sourcecode.swift; path = BeerCell.swift; sourceTree = "<group>"; };
		FF0D3E9E29AF508300B85A09 /* ExtensionUIImage.swift */ = {isa = PBXFileReference; lastKnownFileType = sourcecode.swift; path = ExtensionUIImage.swift; sourceTree = "<group>"; };
		FF0D3EA029AFA04600B85A09 /* BeerDetailViewController.swift */ = {isa = PBXFileReference; lastKnownFileType = sourcecode.swift; path = BeerDetailViewController.swift; sourceTree = "<group>"; };
		FF94B84829B37384008D8195 /* BannerView.swift */ = {isa = PBXFileReference; lastKnownFileType = sourcecode.swift; path = BannerView.swift; sourceTree = "<group>"; };
		FF94B84B29B38179008D8195 /* ExtensionUIView.swift */ = {isa = PBXFileReference; lastKnownFileType = sourcecode.swift; path = ExtensionUIView.swift; sourceTree = "<group>"; };
		FF94B84D29B63B48008D8195 /* CategoryPickerView.swift */ = {isa = PBXFileReference; lastKnownFileType = sourcecode.swift; path = CategoryPickerView.swift; sourceTree = "<group>"; };
/* End PBXFileReference section */

/* Begin PBXFrameworksBuildPhase section */
		FF0D3E7329AE35AC00B85A09 /* Frameworks */ = {
			isa = PBXFrameworksBuildPhase;
			buildActionMask = 2147483647;
			files = (
			);
			runOnlyForDeploymentPostprocessing = 0;
		};
/* End PBXFrameworksBuildPhase section */

/* Begin PBXGroup section */
		FF0D3E6D29AE35AC00B85A09 = {
			isa = PBXGroup;
			children = (
				FF0D3E7829AE35AC00B85A09 /* BeerBoxUIKit */,
				FF0D3E7729AE35AC00B85A09 /* Products */,
			);
			sourceTree = "<group>";
		};
		FF0D3E7729AE35AC00B85A09 /* Products */ = {
			isa = PBXGroup;
			children = (
				FF0D3E7629AE35AC00B85A09 /* BeerBoxUIKit.app */,
			);
			name = Products;
			sourceTree = "<group>";
		};
		FF0D3E7829AE35AC00B85A09 /* BeerBoxUIKit */ = {
			isa = PBXGroup;
			children = (
				FF0D3E7929AE35AC00B85A09 /* AppDelegate.swift */,
				FF0D3E7B29AE35AC00B85A09 /* SceneDelegate.swift */,
				FF0D3E9929AF369F00B85A09 /* View Controllers */,
				FF0D3E9829AF367200B85A09 /* Models */,
				FF0D3E9B29AF36CF00B85A09 /* View Models */,
				FF0D3E9A29AF36BF00B85A09 /* Services */,
				FF0D3E9729AF366400B85A09 /* Utils */,
				FF0D3E8229AE35AE00B85A09 /* Assets.xcassets */,
				FF0D3E8429AE35AE00B85A09 /* LaunchScreen.storyboard */,
				FF0D3E8729AE35AE00B85A09 /* Info.plist */,
			);
			path = BeerBoxUIKit;
			sourceTree = "<group>";
		};
		FF0D3E9729AF366400B85A09 /* Utils */ = {
			isa = PBXGroup;
			children = (
				FF0D3E8D29AE400A00B85A09 /* Palette.swift */,
				FF0D3E9E29AF508300B85A09 /* ExtensionUIImage.swift */,
				FF94B84B29B38179008D8195 /* ExtensionUIView.swift */,
			);
			path = Utils;
			sourceTree = "<group>";
		};
		FF0D3E9829AF367200B85A09 /* Models */ = {
			isa = PBXGroup;
			children = (
				FF0D3E8F29AE464800B85A09 /* Beer.swift */,
			);
			path = Models;
			sourceTree = "<group>";
		};
		FF0D3E9929AF369F00B85A09 /* View Controllers */ = {
			isa = PBXGroup;
			children = (
				FF0D3E9529AF365C00B85A09 /* MainViewController.swift */,
				FF0D3EA029AFA04600B85A09 /* BeerDetailViewController.swift */,
				FF0D3E9C29AF395C00B85A09 /* BeerCell.swift */,
				FF94B84A29B373A7008D8195 /* Components */,
			);
			path = "View Controllers";
			sourceTree = "<group>";
		};
		FF0D3E9A29AF36BF00B85A09 /* Services */ = {
			isa = PBXGroup;
			children = (
				FF0D3E9129AF33B500B85A09 /* Webservice.swift */,
			);
			path = Services;
			sourceTree = "<group>";
		};
		FF0D3E9B29AF36CF00B85A09 /* View Models */ = {
			isa = PBXGroup;
			children = (
				FF0D3E9329AF34AD00B85A09 /* BeerListViewModel.swift */,
			);
			path = "View Models";
			sourceTree = "<group>";
		};
		FF94B84A29B373A7008D8195 /* Components */ = {
			isa = PBXGroup;
			children = (
				FF94B84829B37384008D8195 /* BannerView.swift */,
				FF94B84D29B63B48008D8195 /* CategoryPickerView.swift */,
			);
			path = Components;
			sourceTree = "<group>";
		};
/* End PBXGroup section */

/* Begin PBXNativeTarget section */
		FF0D3E7529AE35AC00B85A09 /* BeerBoxUIKit */ = {
			isa = PBXNativeTarget;
			buildConfigurationList = FF0D3E8A29AE35AE00B85A09 /* Build configuration list for PBXNativeTarget "BeerBoxUIKit" */;
			buildPhases = (
				FF0D3E7229AE35AC00B85A09 /* Sources */,
				FF0D3E7329AE35AC00B85A09 /* Frameworks */,
				FF0D3E7429AE35AC00B85A09 /* Resources */,
			);
			buildRules = (
			);
			dependencies = (
			);
			name = BeerBoxUIKit;
			productName = BeerBoxUIKit;
			productReference = FF0D3E7629AE35AC00B85A09 /* BeerBoxUIKit.app */;
			productType = "com.apple.product-type.application";
		};
/* End PBXNativeTarget section */

/* Begin PBXProject section */
		FF0D3E6E29AE35AC00B85A09 /* Project object */ = {
			isa = PBXProject;
			attributes = {
				BuildIndependentTargetsInParallel = 1;
				LastSwiftUpdateCheck = 1400;
				LastUpgradeCheck = 1400;
				TargetAttributes = {
					FF0D3E7529AE35AC00B85A09 = {
						CreatedOnToolsVersion = 14.0.1;
					};
				};
			};
			buildConfigurationList = FF0D3E7129AE35AC00B85A09 /* Build configuration list for PBXProject "BeerBoxUIKit" */;
			compatibilityVersion = "Xcode 14.0";
			developmentRegion = en;
			hasScannedForEncodings = 0;
			knownRegions = (
				en,
				Base,
			);
			mainGroup = FF0D3E6D29AE35AC00B85A09;
			productRefGroup = FF0D3E7729AE35AC00B85A09 /* Products */;
			projectDirPath = "";
			projectRoot = "";
			targets = (
				FF0D3E7529AE35AC00B85A09 /* BeerBoxUIKit */,
			);
		};
/* End PBXProject section */

/* Begin PBXResourcesBuildPhase section */
		FF0D3E7429AE35AC00B85A09 /* Resources */ = {
			isa = PBXResourcesBuildPhase;
			buildActionMask = 2147483647;
			files = (
				FF0D3E8629AE35AE00B85A09 /* LaunchScreen.storyboard in Resources */,
				FF0D3E8329AE35AE00B85A09 /* Assets.xcassets in Resources */,
			);
			runOnlyForDeploymentPostprocessing = 0;
		};
/* End PBXResourcesBuildPhase section */

/* Begin PBXSourcesBuildPhase section */
		FF0D3E7229AE35AC00B85A09 /* Sources */ = {
			isa = PBXSourcesBuildPhase;
			buildActionMask = 2147483647;
			files = (
				FF0D3E9429AF34AD00B85A09 /* BeerListViewModel.swift in Sources */,
				FF0D3E9029AE464800B85A09 /* Beer.swift in Sources */,
				FF0D3E9229AF33B500B85A09 /* Webservice.swift in Sources */,
				FF0D3E9629AF365C00B85A09 /* MainViewController.swift in Sources */,
				FF0D3E9F29AF508300B85A09 /* ExtensionUIImage.swift in Sources */,
				FF0D3EA129AFA04600B85A09 /* BeerDetailViewController.swift in Sources */,
				FF94B84C29B38179008D8195 /* ExtensionUIView.swift in Sources */,
				FF0D3E8E29AE400A00B85A09 /* Palette.swift in Sources */,
				FF0D3E9D29AF395C00B85A09 /* BeerCell.swift in Sources */,
				FF94B84929B37384008D8195 /* BannerView.swift in Sources */,
				FF94B84E29B63B48008D8195 /* CategoryPickerView.swift in Sources */,
				FF0D3E7A29AE35AC00B85A09 /* AppDelegate.swift in Sources */,
				FF0D3E7C29AE35AC00B85A09 /* SceneDelegate.swift in Sources */,
			);
			runOnlyForDeploymentPostprocessing = 0;
		};
/* End PBXSourcesBuildPhase section */

/* Begin PBXVariantGroup section */
		FF0D3E8429AE35AE00B85A09 /* LaunchScreen.storyboard */ = {
			isa = PBXVariantGroup;
			children = (
				FF0D3E8529AE35AE00B85A09 /* Base */,
			);
			name = LaunchScreen.storyboard;
			sourceTree = "<group>";
		};
/* End PBXVariantGroup section */

/* Begin XCBuildConfiguration section */
		FF0D3E8829AE35AE00B85A09 /* Debug */ = {
			isa = XCBuildConfiguration;
			buildSettings = {
				ALWAYS_SEARCH_USER_PATHS = NO;
				CLANG_ANALYZER_NONNULL = YES;
				CLANG_ANALYZER_NUMBER_OBJECT_CONVERSION = YES_AGGRESSIVE;
				CLANG_CXX_LANGUAGE_STANDARD = "gnu++20";
				CLANG_ENABLE_MODULES = YES;
				CLANG_ENABLE_OBJC_ARC = YES;
				CLANG_ENABLE_OBJC_WEAK = YES;
				CLANG_WARN_BLOCK_CAPTURE_AUTORELEASING = YES;
				CLANG_WARN_BOOL_CONVERSION = YES;
				CLANG_WARN_COMMA = YES;
				CLANG_WARN_CONSTANT_CONVERSION = YES;
				CLANG_WARN_DEPRECATED_OBJC_IMPLEMENTATIONS = YES;
				CLANG_WARN_DIRECT_OBJC_ISA_USAGE = YES_ERROR;
				CLANG_WARN_DOCUMENTATION_COMMENTS = YES;
				CLANG_WARN_EMPTY_BODY = YES;
				CLANG_WARN_ENUM_CONVERSION = YES;
				CLANG_WARN_INFINITE_RECURSION = YES;
				CLANG_WARN_INT_CONVERSION = YES;
				CLANG_WARN_NON_LITERAL_NULL_CONVERSION = YES;
				CLANG_WARN_OBJC_IMPLICIT_RETAIN_SELF = YES;
				CLANG_WARN_OBJC_LITERAL_CONVERSION = YES;
				CLANG_WARN_OBJC_ROOT_CLASS = YES_ERROR;
				CLANG_WARN_QUOTED_INCLUDE_IN_FRAMEWORK_HEADER = YES;
				CLANG_WARN_RANGE_LOOP_ANALYSIS = YES;
				CLANG_WARN_STRICT_PROTOTYPES = YES;
				CLANG_WARN_SUSPICIOUS_MOVE = YES;
				CLANG_WARN_UNGUARDED_AVAILABILITY = YES_AGGRESSIVE;
				CLANG_WARN_UNREACHABLE_CODE = YES;
				CLANG_WARN__DUPLICATE_METHOD_MATCH = YES;
				COPY_PHASE_STRIP = NO;
				DEBUG_INFORMATION_FORMAT = dwarf;
				ENABLE_STRICT_OBJC_MSGSEND = YES;
				ENABLE_TESTABILITY = YES;
				GCC_C_LANGUAGE_STANDARD = gnu11;
				GCC_DYNAMIC_NO_PIC = NO;
				GCC_NO_COMMON_BLOCKS = YES;
				GCC_OPTIMIZATION_LEVEL = 0;
				GCC_PREPROCESSOR_DEFINITIONS = (
					"DEBUG=1",
					"$(inherited)",
				);
				GCC_WARN_64_TO_32_BIT_CONVERSION = YES;
				GCC_WARN_ABOUT_RETURN_TYPE = YES_ERROR;
				GCC_WARN_UNDECLARED_SELECTOR = YES;
				GCC_WARN_UNINITIALIZED_AUTOS = YES_AGGRESSIVE;
				GCC_WARN_UNUSED_FUNCTION = YES;
				GCC_WARN_UNUSED_VARIABLE = YES;
				IPHONEOS_DEPLOYMENT_TARGET = 16.0;
				MTL_ENABLE_DEBUG_INFO = INCLUDE_SOURCE;
				MTL_FAST_MATH = YES;
				ONLY_ACTIVE_ARCH = YES;
				SDKROOT = iphoneos;
				SWIFT_ACTIVE_COMPILATION_CONDITIONS = DEBUG;
				SWIFT_OPTIMIZATION_LEVEL = "-Onone";
			};
			name = Debug;
		};
		FF0D3E8929AE35AE00B85A09 /* Release */ = {
			isa = XCBuildConfiguration;
			buildSettings = {
				ALWAYS_SEARCH_USER_PATHS = NO;
				CLANG_ANALYZER_NONNULL = YES;
				CLANG_ANALYZER_NUMBER_OBJECT_CONVERSION = YES_AGGRESSIVE;
				CLANG_CXX_LANGUAGE_STANDARD = "gnu++20";
				CLANG_ENABLE_MODULES = YES;
				CLANG_ENABLE_OBJC_ARC = YES;
				CLANG_ENABLE_OBJC_WEAK = YES;
				CLANG_WARN_BLOCK_CAPTURE_AUTORELEASING = YES;
				CLANG_WARN_BOOL_CONVERSION = YES;
				CLANG_WARN_COMMA = YES;
				CLANG_WARN_CONSTANT_CONVERSION = YES;
				CLANG_WARN_DEPRECATED_OBJC_IMPLEMENTATIONS = YES;
				CLANG_WARN_DIRECT_OBJC_ISA_USAGE = YES_ERROR;
				CLANG_WARN_DOCUMENTATION_COMMENTS = YES;
				CLANG_WARN_EMPTY_BODY = YES;
				CLANG_WARN_ENUM_CONVERSION = YES;
				CLANG_WARN_INFINITE_RECURSION = YES;
				CLANG_WARN_INT_CONVERSION = YES;
				CLANG_WARN_NON_LITERAL_NULL_CONVERSION = YES;
				CLANG_WARN_OBJC_IMPLICIT_RETAIN_SELF = YES;
				CLANG_WARN_OBJC_LITERAL_CONVERSION = YES;
				CLANG_WARN_OBJC_ROOT_CLASS = YES_ERROR;
				CLANG_WARN_QUOTED_INCLUDE_IN_FRAMEWORK_HEADER = YES;
				CLANG_WARN_RANGE_LOOP_ANALYSIS = YES;
				CLANG_WARN_STRICT_PROTOTYPES = YES;
				CLANG_WARN_SUSPICIOUS_MOVE = YES;
				CLANG_WARN_UNGUARDED_AVAILABILITY = YES_AGGRESSIVE;
				CLANG_WARN_UNREACHABLE_CODE = YES;
				CLANG_WARN__DUPLICATE_METHOD_MATCH = YES;
				COPY_PHASE_STRIP = NO;
				DEBUG_INFORMATION_FORMAT = "dwarf-with-dsym";
				ENABLE_NS_ASSERTIONS = NO;
				ENABLE_STRICT_OBJC_MSGSEND = YES;
				GCC_C_LANGUAGE_STANDARD = gnu11;
				GCC_NO_COMMON_BLOCKS = YES;
				GCC_WARN_64_TO_32_BIT_CONVERSION = YES;
				GCC_WARN_ABOUT_RETURN_TYPE = YES_ERROR;
				GCC_WARN_UNDECLARED_SELECTOR = YES;
				GCC_WARN_UNINITIALIZED_AUTOS = YES_AGGRESSIVE;
				GCC_WARN_UNUSED_FUNCTION = YES;
				GCC_WARN_UNUSED_VARIABLE = YES;
				IPHONEOS_DEPLOYMENT_TARGET = 16.0;
				MTL_ENABLE_DEBUG_INFO = NO;
				MTL_FAST_MATH = YES;
				SDKROOT = iphoneos;
				SWIFT_COMPILATION_MODE = wholemodule;
				SWIFT_OPTIMIZATION_LEVEL = "-O";
				VALIDATE_PRODUCT = YES;
			};
			name = Release;
		};
		FF0D3E8B29AE35AE00B85A09 /* Debug */ = {
			isa = XCBuildConfiguration;
			buildSettings = {
				ASSETCATALOG_COMPILER_APPICON_NAME = AppIcon;
				ASSETCATALOG_COMPILER_GLOBAL_ACCENT_COLOR_NAME = AccentColor;
				CODE_SIGN_STYLE = Automatic;
				CURRENT_PROJECT_VERSION = 1;
				DEVELOPMENT_TEAM = 55H4ABU399;
				GENERATE_INFOPLIST_FILE = YES;
				INFOPLIST_FILE = BeerBoxUIKit/Info.plist;
				INFOPLIST_KEY_UIApplicationSupportsIndirectInputEvents = YES;
				INFOPLIST_KEY_UILaunchStoryboardName = LaunchScreen;
				INFOPLIST_KEY_UIStatusBarStyle = UIStatusBarStyleDarkContent;
				INFOPLIST_KEY_UISupportedInterfaceOrientations_iPad = "UIInterfaceOrientationPortrait UIInterfaceOrientationPortraitUpsideDown UIInterfaceOrientationLandscapeLeft UIInterfaceOrientationLandscapeRight";
				INFOPLIST_KEY_UISupportedInterfaceOrientations_iPhone = "UIInterfaceOrientationPortrait UIInterfaceOrientationLandscapeLeft UIInterfaceOrientationLandscapeRight";
				IPHONEOS_DEPLOYMENT_TARGET = 16.0;
				LD_RUNPATH_SEARCH_PATHS = (
					"$(inherited)",
					"@executable_path/Frameworks",
				);
				MARKETING_VERSION = 1.0;
				PRODUCT_BUNDLE_IDENTIFIER = Ivo.BeerBoxUIKit;
				PRODUCT_NAME = "$(TARGET_NAME)";
				SUPPORTED_PLATFORMS = "iphoneos iphonesimulator";
				SUPPORTS_MACCATALYST = NO;
				SUPPORTS_MAC_DESIGNED_FOR_IPHONE_IPAD = NO;
				SWIFT_EMIT_LOC_STRINGS = YES;
				SWIFT_VERSION = 5.0;
				TARGETED_DEVICE_FAMILY = 1;
			};
			name = Debug;
		};
		FF0D3E8C29AE35AE00B85A09 /* Release */ = {
			isa = XCBuildConfiguration;
			buildSettings = {
				ASSETCATALOG_COMPILER_APPICON_NAME = AppIcon;
				ASSETCATALOG_COMPILER_GLOBAL_ACCENT_COLOR_NAME = AccentColor;
				CODE_SIGN_STYLE = Automatic;
				CURRENT_PROJECT_VERSION = 1;
				DEVELOPMENT_TEAM = 55H4ABU399;
				GENERATE_INFOPLIST_FILE = YES;
				INFOPLIST_FILE = BeerBoxUIKit/Info.plist;
				INFOPLIST_KEY_UIApplicationSupportsIndirectInputEvents = YES;
				INFOPLIST_KEY_UILaunchStoryboardName = LaunchScreen;
				INFOPLIST_KEY_UIStatusBarStyle = UIStatusBarStyleDarkContent;
				INFOPLIST_KEY_UISupportedInterfaceOrientations_iPad = "UIInterfaceOrientationPortrait UIInterfaceOrientationPortraitUpsideDown UIInterfaceOrientationLandscapeLeft UIInterfaceOrientationLandscapeRight";
				INFOPLIST_KEY_UISupportedInterfaceOrientations_iPhone = "UIInterfaceOrientationPortrait UIInterfaceOrientationLandscapeLeft UIInterfaceOrientationLandscapeRight";
				IPHONEOS_DEPLOYMENT_TARGET = 16.0;
				LD_RUNPATH_SEARCH_PATHS = (
					"$(inherited)",
					"@executable_path/Frameworks",
				);
				MARKETING_VERSION = 1.0;
				PRODUCT_BUNDLE_IDENTIFIER = Ivo.BeerBoxUIKit;
				PRODUCT_NAME = "$(TARGET_NAME)";
				SUPPORTED_PLATFORMS = "iphoneos iphonesimulator";
				SUPPORTS_MACCATALYST = NO;
				SUPPORTS_MAC_DESIGNED_FOR_IPHONE_IPAD = NO;
				SWIFT_EMIT_LOC_STRINGS = YES;
				SWIFT_VERSION = 5.0;
				TARGETED_DEVICE_FAMILY = 1;
			};
			name = Release;
		};
/* End XCBuildConfiguration section */

/* Begin XCConfigurationList section */
		FF0D3E7129AE35AC00B85A09 /* Build configuration list for PBXProject "BeerBoxUIKit" */ = {
			isa = XCConfigurationList;
			buildConfigurations = (
				FF0D3E8829AE35AE00B85A09 /* Debug */,
				FF0D3E8929AE35AE00B85A09 /* Release */,
			);
			defaultConfigurationIsVisible = 0;
			defaultConfigurationName = Release;
		};
		FF0D3E8A29AE35AE00B85A09 /* Build configuration list for PBXNativeTarget "BeerBoxUIKit" */ = {
			isa = XCConfigurationList;
			buildConfigurations = (
				FF0D3E8B29AE35AE00B85A09 /* Debug */,
				FF0D3E8C29AE35AE00B85A09 /* Release */,
			);
			defaultConfigurationIsVisible = 0;
			defaultConfigurationName = Release;
		};
/* End XCConfigurationList section */
	};
	rootObject = FF0D3E6E29AE35AC00B85A09 /* Project object */;
}
